{
  "version": 4,
  "terraform_version": "0.14.4",
  "serial": 323,
  "lineage": "4110155c-316d-86c6-885f-3c201a6db069",
  "outputs": {
    "lb_dns": {
      "value": "cluster-798640803.us-east-1.elb.amazonaws.com",
      "type": "string"
    }
  },
  "resources": [
    {
      "mode": "data",
      "type": "aws_ami",
      "name": "ecs",
      "provider": "provider[\"registry.terraform.io/hashicorp/aws\"]",
      "instances": [
        {
          "schema_version": 0,
          "attributes": {
            "architecture": "x86_64",
            "arn": "arn:aws:ec2:us-east-1::image/ami-0f06fc190dd71269e",
            "block_device_mappings": [
              {
                "device_name": "/dev/xvda",
                "ebs": {
                  "delete_on_termination": "true",
                  "encrypted": "false",
                  "iops": "0",
                  "snapshot_id": "snap-0c33eff6f4fd1844f",
                  "volume_size": "30",
                  "volume_type": "gp2"
                },
                "no_device": "",
                "virtual_name": ""
              }
            ],
            "creation_date": "2020-12-10T17:58:45.000Z",
            "description": "Amazon Linux AMI 2.0.20201209 x86_64 ECS HVM GP2",
            "executable_users": null,
            "filter": [
              {
                "name": "name",
                "values": [
                  "amzn2-ami-ecs-h*x86_64-ebs"
                ]
              },
              {
                "name": "virtualization-type",
                "values": [
                  "hvm"
                ]
              }
            ],
            "hypervisor": "xen",
            "id": "ami-0f06fc190dd71269e",
            "image_id": "ami-0f06fc190dd71269e",
            "image_location": "amazon/amzn2-ami-ecs-hvm-2.0.20201209-x86_64-ebs",
            "image_owner_alias": "amazon",
            "image_type": "machine",
            "kernel_id": null,
            "most_recent": true,
            "name": "amzn2-ami-ecs-hvm-2.0.20201209-x86_64-ebs",
            "name_regex": null,
            "owner_id": "591542846629",
            "owners": [
              "amazon"
            ],
            "platform": null,
            "product_codes": [],
            "public": true,
            "ramdisk_id": null,
            "root_device_name": "/dev/xvda",
            "root_device_type": "ebs",
            "root_snapshot_id": "snap-0c33eff6f4fd1844f",
            "sriov_net_support": "simple",
            "state": "available",
            "state_reason": {
              "code": "UNSET",
              "message": "UNSET"
            },
            "tags": {},
            "virtualization_type": "hvm"
          },
          "sensitive_attributes": []
        }
      ]
    },
    {
      "mode": "data",
      "type": "aws_iam_policy_document",
      "name": "app_role",
      "provider": "provider[\"registry.terraform.io/hashicorp/aws\"]",
      "instances": [
        {
          "schema_version": 0,
          "attributes": {
            "id": "4007712301",
            "json": "{\n  \"Version\": \"2012-10-17\",\n  \"Statement\": [\n    {\n      \"Sid\": \"1\",\n      \"Effect\": \"Allow\",\n      \"Action\": \"sts:AssumeRole\",\n      \"Principal\": {\n        \"Service\": [\n          \"ecs-tasks.amazonaws.com\",\n          \"ec2.amazonaws.com\"\n        ]\n      }\n    }\n  ]\n}",
            "override_json": null,
            "policy_id": null,
            "source_json": null,
            "statement": [
              {
                "actions": [
                  "sts:AssumeRole"
                ],
                "condition": [],
                "effect": "Allow",
                "not_actions": [],
                "not_principals": [],
                "not_resources": [],
                "principals": [
                  {
                    "identifiers": [
                      "ec2.amazonaws.com",
                      "ecs-tasks.amazonaws.com"
                    ],
                    "type": "Service"
                  }
                ],
                "resources": [],
                "sid": "1"
              }
            ],
            "version": "2012-10-17"
          },
          "sensitive_attributes": []
        }
      ]
    },
    {
      "mode": "managed",
      "type": "aws_autoscaling_group",
      "name": "app",
      "provider": "provider[\"registry.terraform.io/hashicorp/aws\"]",
      "instances": [
        {
          "schema_version": 0,
          "attributes": {
            "arn": "arn:aws:autoscaling:us-east-1:535245599045:autoScalingGroup:6b3373f0-bb41-4c55-a615-e5652fc9271f:autoScalingGroupName/cluster_app",
            "availability_zones": [
              "us-east-1a",
              "us-east-1b"
            ],
            "capacity_rebalance": false,
            "default_cooldown": 300,
            "desired_capacity": 1,
            "enabled_metrics": [],
            "force_delete": false,
            "health_check_grace_period": 300,
            "health_check_type": "EC2",
            "id": "cluster_app",
            "initial_lifecycle_hook": [],
            "instance_refresh": [],
            "launch_configuration": "cluster_app",
            "launch_template": [],
            "load_balancers": [],
            "max_instance_lifetime": 0,
            "max_size": 1,
            "metrics_granularity": "1Minute",
            "min_elb_capacity": null,
            "min_size": 0,
            "mixed_instances_policy": [],
            "name": "cluster_app",
            "name_prefix": null,
            "placement_group": "",
            "protect_from_scale_in": true,
            "service_linked_role_arn": "arn:aws:iam::535245599045:role/aws-service-role/autoscaling.amazonaws.com/AWSServiceRoleForAutoScaling",
            "suspended_processes": [],
            "tag": [
              {
                "key": "AmazonECSManaged",
                "propagate_at_launch": true,
                "value": ""
              },
              {
                "key": "Name",
                "propagate_at_launch": true,
                "value": "App"
              },
              {
                "key": "cluster",
                "propagate_at_launch": true,
                "value": "MeuLindo"
              }
            ],
            "tags": null,
            "target_group_arns": [],
            "termination_policies": [],
            "timeouts": null,
            "vpc_zone_identifier": [
              "subnet-0e3e54d39986a61e2",
              "subnet-0ea08259330a1b049"
            ],
            "wait_for_capacity_timeout": "10m",
            "wait_for_elb_capacity": null
          },
          "sensitive_attributes": [],
          "private": "eyJlMmJmYjczMC1lY2FhLTExZTYtOGY4OC0zNDM2M2JjN2M0YzAiOnsiZGVsZXRlIjo2MDAwMDAwMDAwMDB9fQ==",
          "dependencies": [
            "aws_iam_instance_profile.app",
            "aws_iam_role.app",
            "aws_launch_configuration.app",
            "data.aws_ami.ecs",
            "data.aws_iam_policy_document.app_role",
            "module.vpc.aws_subnet.public",
            "module.vpc.aws_vpc.this",
            "module.vpc.aws_vpc_ipv4_cidr_block_association.this"
          ]
        }
      ]
    },
    {
      "mode": "managed",
      "type": "aws_autoscaling_group",
      "name": "monitor",
      "provider": "provider[\"registry.terraform.io/hashicorp/aws\"]",
      "instances": [
        {
          "schema_version": 0,
          "attributes": {
            "arn": "arn:aws:autoscaling:us-east-1:535245599045:autoScalingGroup:535dbf8b-e688-4004-bb9a-a66faddd577b:autoScalingGroupName/monitor",
            "availability_zones": [
              "us-east-1a",
              "us-east-1b"
            ],
            "capacity_rebalance": false,
            "default_cooldown": 300,
            "desired_capacity": 1,
            "enabled_metrics": [],
            "force_delete": false,
            "health_check_grace_period": 300,
            "health_check_type": "EC2",
            "id": "monitor",
            "initial_lifecycle_hook": [],
            "instance_refresh": [],
            "launch_configuration": "cluster_monitor",
            "launch_template": [],
            "load_balancers": [],
            "max_instance_lifetime": 0,
            "max_size": 1,
            "metrics_granularity": "1Minute",
            "min_elb_capacity": null,
            "min_size": 0,
            "mixed_instances_policy": [],
            "name": "monitor",
            "name_prefix": null,
            "placement_group": "",
            "protect_from_scale_in": true,
            "service_linked_role_arn": "arn:aws:iam::535245599045:role/aws-service-role/autoscaling.amazonaws.com/AWSServiceRoleForAutoScaling",
            "suspended_processes": [],
            "tag": [
              {
                "key": "AmazonECSManaged",
                "propagate_at_launch": true,
                "value": ""
              },
              {
                "key": "Name",
                "propagate_at_launch": true,
                "value": "Monitor"
              }
            ],
            "tags": null,
            "target_group_arns": [],
            "termination_policies": [],
            "timeouts": null,
            "vpc_zone_identifier": [
              "subnet-0e3e54d39986a61e2",
              "subnet-0ea08259330a1b049"
            ],
            "wait_for_capacity_timeout": "10m",
            "wait_for_elb_capacity": null
          },
          "sensitive_attributes": [],
          "private": "eyJlMmJmYjczMC1lY2FhLTExZTYtOGY4OC0zNDM2M2JjN2M0YzAiOnsiZGVsZXRlIjo2MDAwMDAwMDAwMDB9fQ==",
          "dependencies": [
            "aws_iam_instance_profile.app",
            "aws_iam_role.app",
            "aws_launch_configuration.monitor",
            "data.aws_ami.ecs",
            "data.aws_iam_policy_document.app_role",
            "module.vpc.aws_subnet.public",
            "module.vpc.aws_vpc.this",
            "module.vpc.aws_vpc_ipv4_cidr_block_association.this"
          ]
        }
      ]
    },
    {
      "mode": "managed",
      "type": "aws_ecs_capacity_provider",
      "name": "monitor",
      "provider": "provider[\"registry.terraform.io/hashicorp/aws\"]",
      "instances": [
        {
          "schema_version": 0,
          "attributes": {
            "arn": "arn:aws:ecs:us-east-1:535245599045:capacity-provider/monitor-cp",
            "auto_scaling_group_provider": [
              {
                "auto_scaling_group_arn": "arn:aws:autoscaling:us-east-1:535245599045:autoScalingGroup:535dbf8b-e688-4004-bb9a-a66faddd577b:autoScalingGroupName/monitor",
                "managed_scaling": [
                  {
                    "maximum_scaling_step_size": 100,
                    "minimum_scaling_step_size": 1,
                    "status": "ENABLED",
                    "target_capacity": 1
                  }
                ],
                "managed_termination_protection": "ENABLED"
              }
            ],
            "id": "arn:aws:ecs:us-east-1:535245599045:capacity-provider/monitor-cp",
            "name": "monitor-cp",
            "tags": {}
          },
          "sensitive_attributes": [],
          "private": "bnVsbA==",
          "dependencies": [
            "aws_autoscaling_group.monitor",
            "aws_iam_instance_profile.app",
            "aws_iam_role.app",
            "aws_launch_configuration.monitor",
            "data.aws_ami.ecs",
            "data.aws_iam_policy_document.app_role",
            "module.vpc.aws_subnet.public",
            "module.vpc.aws_vpc.this",
            "module.vpc.aws_vpc_ipv4_cidr_block_association.this"
          ]
        }
      ]
    },
    {
      "mode": "managed",
      "type": "aws_ecs_capacity_provider",
      "name": "ragazzid_app",
      "provider": "provider[\"registry.terraform.io/hashicorp/aws\"]",
      "instances": [
        {
          "schema_version": 0,
          "attributes": {
            "arn": "arn:aws:ecs:us-east-1:535245599045:capacity-provider/cluster_app",
            "auto_scaling_group_provider": [
              {
                "auto_scaling_group_arn": "arn:aws:autoscaling:us-east-1:535245599045:autoScalingGroup:6b3373f0-bb41-4c55-a615-e5652fc9271f:autoScalingGroupName/cluster_app",
                "managed_scaling": [
                  {
                    "maximum_scaling_step_size": 100,
                    "minimum_scaling_step_size": 1,
                    "status": "ENABLED",
                    "target_capacity": 4
                  }
                ],
                "managed_termination_protection": "ENABLED"
              }
            ],
            "id": "arn:aws:ecs:us-east-1:535245599045:capacity-provider/cluster_app",
            "name": "cluster_app",
            "tags": {}
          },
          "sensitive_attributes": [],
          "private": "bnVsbA==",
          "dependencies": [
            "aws_autoscaling_group.app",
            "aws_iam_instance_profile.app",
            "aws_iam_role.app",
            "aws_launch_configuration.app",
            "data.aws_ami.ecs",
            "data.aws_iam_policy_document.app_role",
            "module.vpc.aws_subnet.public",
            "module.vpc.aws_vpc.this",
            "module.vpc.aws_vpc_ipv4_cidr_block_association.this"
          ]
        }
      ]
    },
    {
      "mode": "managed",
      "type": "aws_ecs_cluster",
      "name": "monitor",
      "provider": "provider[\"registry.terraform.io/hashicorp/aws\"]",
      "instances": [
        {
          "schema_version": 0,
          "attributes": {
            "arn": "arn:aws:ecs:us-east-1:535245599045:cluster/cluster_monitor",
            "capacity_providers": [
              "monitor-cp"
            ],
            "default_capacity_provider_strategy": [
              {
                "base": 0,
                "capacity_provider": "monitor-cp",
                "weight": 1
              }
            ],
            "id": "arn:aws:ecs:us-east-1:535245599045:cluster/cluster_monitor",
            "name": "cluster_monitor",
            "setting": [
              {
                "name": "containerInsights",
                "value": "disabled"
              }
            ],
            "tags": {
              "ManagedBy": "Terraform",
              "Type": "http"
            }
          },
          "sensitive_attributes": [],
          "private": "bnVsbA==",
          "dependencies": [
            "aws_autoscaling_group.monitor",
            "aws_ecs_capacity_provider.monitor",
            "aws_iam_instance_profile.app",
            "aws_iam_role.app",
            "aws_launch_configuration.monitor",
            "data.aws_ami.ecs",
            "data.aws_iam_policy_document.app_role",
            "module.vpc.aws_subnet.public",
            "module.vpc.aws_vpc.this",
            "module.vpc.aws_vpc_ipv4_cidr_block_association.this"
          ]
        }
      ]
    },
    {
      "mode": "managed",
      "type": "aws_ecs_cluster",
      "name": "ragazzid_app",
      "provider": "provider[\"registry.terraform.io/hashicorp/aws\"]",
      "instances": [
        {
          "schema_version": 0,
          "attributes": {
            "arn": "arn:aws:ecs:us-east-1:535245599045:cluster/cluster_web",
            "capacity_providers": [
              "cluster_app"
            ],
            "default_capacity_provider_strategy": [
              {
                "base": 0,
                "capacity_provider": "cluster_app",
                "weight": 1
              }
            ],
            "id": "arn:aws:ecs:us-east-1:535245599045:cluster/cluster_web",
            "name": "cluster_web",
            "setting": [
              {
                "name": "containerInsights",
                "value": "disabled"
              }
            ],
            "tags": {
              "ManagedBy": "Terraform",
              "Type": "http"
            }
          },
          "sensitive_attributes": [],
          "private": "bnVsbA==",
          "dependencies": [
            "aws_autoscaling_group.app",
            "aws_ecs_capacity_provider.ragazzid_app",
            "aws_iam_instance_profile.app",
            "aws_iam_role.app",
            "aws_launch_configuration.app",
            "data.aws_ami.ecs",
            "data.aws_iam_policy_document.app_role",
            "module.vpc.aws_subnet.public",
            "module.vpc.aws_vpc.this",
            "module.vpc.aws_vpc_ipv4_cidr_block_association.this"
          ]
        }
      ]
    },
    {
      "mode": "managed",
      "type": "aws_ecs_service",
      "name": "monitor",
      "provider": "provider[\"registry.terraform.io/hashicorp/aws\"]",
      "instances": [
        {
          "schema_version": 0,
          "attributes": {
            "capacity_provider_strategy": [
              {
                "base": 0,
                "capacity_provider": "monitor-cp",
                "weight": 1
              }
            ],
            "cluster": "arn:aws:ecs:us-east-1:535245599045:cluster/cluster_monitor",
            "deployment_controller": [
              {
                "type": "ECS"
              }
            ],
            "deployment_maximum_percent": 200,
            "deployment_minimum_healthy_percent": 100,
            "desired_count": 1,
            "enable_ecs_managed_tags": false,
            "force_new_deployment": null,
            "health_check_grace_period_seconds": 0,
            "iam_role": "aws-service-role",
            "id": "arn:aws:ecs:us-east-1:535245599045:service/cluster_monitor/cluster_monitor",
            "launch_type": "",
            "load_balancer": [
              {
                "container_name": "prometheus",
                "container_port": 9090,
                "elb_name": "",
                "target_group_arn": "arn:aws:elasticloadbalancing:us-east-1:535245599045:targetgroup/cluster-lb-tg-monitor/571bebeed13f2d95"
              }
            ],
            "name": "cluster_monitor",
            "network_configuration": [],
            "ordered_placement_strategy": [],
            "placement_constraints": [],
            "platform_version": "",
            "propagate_tags": "NONE",
            "scheduling_strategy": "REPLICA",
            "service_registries": [],
            "tags": {},
            "task_definition": "arn:aws:ecs:us-east-1:535245599045:task-definition/cluster_monitor:9",
            "timeouts": null,
            "wait_for_steady_state": false
          },
          "sensitive_attributes": [],
          "private": "eyJlMmJmYjczMC1lY2FhLTExZTYtOGY4OC0zNDM2M2JjN2M0YzAiOnsiZGVsZXRlIjoxMjAwMDAwMDAwMDAwfX0=",
          "dependencies": [
            "aws_ecs_capacity_provider.monitor",
            "aws_ecs_cluster.monitor",
            "aws_ecs_task_definition.monitor",
            "aws_iam_role.app",
            "aws_lb_target_group.monitor"
          ]
        }
      ]
    },
    {
      "mode": "managed",
      "type": "aws_ecs_service",
      "name": "ragazzid_app",
      "provider": "provider[\"registry.terraform.io/hashicorp/aws\"]",
      "instances": [
        {
          "schema_version": 0,
          "attributes": {
            "capacity_provider_strategy": [
              {
                "base": 0,
                "capacity_provider": "cluster_app",
                "weight": 1
              }
            ],
            "cluster": "arn:aws:ecs:us-east-1:535245599045:cluster/cluster_web",
            "deployment_controller": [
              {
                "type": "ECS"
              }
            ],
            "deployment_maximum_percent": 200,
            "deployment_minimum_healthy_percent": 100,
            "desired_count": 1,
            "enable_ecs_managed_tags": false,
            "force_new_deployment": null,
            "health_check_grace_period_seconds": 0,
            "iam_role": "aws-service-role",
            "id": "arn:aws:ecs:us-east-1:535245599045:service/cluster_web/cluster_web",
            "launch_type": "",
            "load_balancer": [
              {
                "container_name": "web",
                "container_port": 5000,
                "elb_name": "",
                "target_group_arn": "arn:aws:elasticloadbalancing:us-east-1:535245599045:targetgroup/cluster-app-lb-tg/5e536b881c4c13cf"
              }
            ],
            "name": "cluster_web",
            "network_configuration": [],
            "ordered_placement_strategy": [],
            "placement_constraints": [],
            "platform_version": "",
            "propagate_tags": "NONE",
            "scheduling_strategy": "REPLICA",
            "service_registries": [],
            "tags": {},
            "task_definition": "arn:aws:ecs:us-east-1:535245599045:task-definition/cluster_web:8",
            "timeouts": null,
            "wait_for_steady_state": false
          },
          "sensitive_attributes": [],
          "private": "eyJlMmJmYjczMC1lY2FhLTExZTYtOGY4OC0zNDM2M2JjN2M0YzAiOnsiZGVsZXRlIjoxMjAwMDAwMDAwMDAwfX0=",
          "dependencies": [
            "aws_autoscaling_group.app",
            "aws_ecs_capacity_provider.ragazzid_app",
            "aws_ecs_cluster.ragazzid_app",
            "aws_ecs_task_definition.ragazzid_app",
            "aws_iam_instance_profile.app",
            "aws_iam_role.app",
            "aws_launch_configuration.app",
            "aws_lb.this",
            "aws_lb_target_group.app",
            "data.aws_ami.ecs",
            "data.aws_iam_policy_document.app_role",
            "module.vpc.aws_subnet.public",
            "module.vpc.aws_vpc.this",
            "module.vpc.aws_vpc_ipv4_cidr_block_association.this"
          ]
        }
      ]
    },
    {
      "mode": "managed",
      "type": "aws_ecs_task_definition",
      "name": "monitor",
      "provider": "provider[\"registry.terraform.io/hashicorp/aws\"]",
      "instances": [
        {
          "schema_version": 1,
          "attributes": {
            "arn": "arn:aws:ecs:us-east-1:535245599045:task-definition/cluster_monitor:9",
            "container_definitions": "[{\"cpu\":1000,\"environment\":[{\"name\":\"IAM_ROLE_ARN\",\"value\":\"arn:aws:iam::535245599045:role/cluster_app\"},{\"name\":\"TAG_KEY\",\"value\":\"Gus\"},{\"name\":\"TAG_VALUE\",\"value\":\"MeuLindo\"}],\"essential\":true,\"image\":\"ragazzid/gus:final2\",\"memory\":512,\"mountPoints\":[],\"name\":\"prometheus\",\"portMappings\":[{\"containerPort\":9090,\"hostPort\":9090,\"protocol\":\"tcp\"}],\"volumesFrom\":[]}]",
            "cpu": "",
            "execution_role_arn": "",
            "family": "cluster_monitor",
            "id": "cluster_monitor",
            "inference_accelerator": [],
            "ipc_mode": "",
            "memory": "",
            "network_mode": "host",
            "pid_mode": "",
            "placement_constraints": [],
            "proxy_configuration": [],
            "requires_compatibilities": [
              "EC2"
            ],
            "revision": 9,
            "tags": {
              "ManagedBy": "Terraform",
              "Type": "http"
            },
            "task_role_arn": "arn:aws:iam::535245599045:role/cluster_app",
            "volume": []
          },
          "sensitive_attributes": [],
          "private": "eyJzY2hlbWFfdmVyc2lvbiI6IjEifQ==",
          "dependencies": [
            "aws_iam_role.app"
          ]
        }
      ]
    },
    {
      "mode": "managed",
      "type": "aws_ecs_task_definition",
      "name": "ragazzid_app",
      "provider": "provider[\"registry.terraform.io/hashicorp/aws\"]",
      "instances": [
        {
          "schema_version": 1,
          "attributes": {
            "arn": "arn:aws:ecs:us-east-1:535245599045:task-definition/cluster_web:8",
            "container_definitions": "[{\"cpu\":1000,\"environment\":[{\"name\":\"DB_HOST\",\"value\":\"pfg-db.czpqvvygcatw.us-east-1.rds.amazonaws.com\"}],\"essential\":true,\"image\":\"gustavoppereira/pfg-cloud:latest\",\"memory\":512,\"mountPoints\":[],\"name\":\"web\",\"portMappings\":[{\"containerPort\":5000,\"hostPort\":5000,\"protocol\":\"tcp\"}],\"volumesFrom\":[]}]",
            "cpu": "",
            "execution_role_arn": "",
            "family": "cluster_web",
            "id": "cluster_web",
            "inference_accelerator": [],
            "ipc_mode": "",
            "memory": "",
            "network_mode": "host",
            "pid_mode": "",
            "placement_constraints": [],
            "proxy_configuration": [],
            "requires_compatibilities": [
              "EC2"
            ],
            "revision": 8,
            "tags": {
              "ManagedBy": "Terraform",
              "Type": "http"
            },
            "task_role_arn": "",
            "volume": []
          },
          "sensitive_attributes": [],
          "private": "eyJzY2hlbWFfdmVyc2lvbiI6IjEifQ=="
        }
      ]
    },
    {
      "mode": "managed",
      "type": "aws_iam_instance_profile",
      "name": "app",
      "provider": "provider[\"registry.terraform.io/hashicorp/aws\"]",
      "instances": [
        {
          "schema_version": 0,
          "attributes": {
            "arn": "arn:aws:iam::535245599045:instance-profile/cluster_app",
            "create_date": "2021-01-08T20:45:18Z",
            "id": "cluster_app",
            "name": "cluster_app",
            "name_prefix": null,
            "path": "/",
            "role": "cluster_app",
            "unique_id": "AIPAXZHY7WFCWXXXDH5WR"
          },
          "sensitive_attributes": [],
          "private": "bnVsbA==",
          "dependencies": [
            "aws_iam_role.app",
            "data.aws_iam_policy_document.app_role"
          ]
        }
      ]
    },
    {
      "mode": "managed",
      "type": "aws_iam_role",
      "name": "app",
      "provider": "provider[\"registry.terraform.io/hashicorp/aws\"]",
      "instances": [
        {
          "schema_version": 0,
          "attributes": {
            "arn": "arn:aws:iam::535245599045:role/cluster_app",
            "assume_role_policy": "{\"Version\":\"2012-10-17\",\"Statement\":[{\"Sid\":\"1\",\"Effect\":\"Allow\",\"Principal\":{\"Service\":[\"ec2.amazonaws.com\",\"ecs-tasks.amazonaws.com\"]},\"Action\":\"sts:AssumeRole\"}]}",
            "create_date": "2021-01-08T20:45:17Z",
            "description": "",
            "force_detach_policies": false,
            "id": "cluster_app",
            "max_session_duration": 3600,
            "name": "cluster_app",
            "name_prefix": null,
            "path": "/",
            "permissions_boundary": null,
            "tags": {},
            "unique_id": "AROAXZHY7WFCZX2LDERDB"
          },
          "sensitive_attributes": [],
          "private": "bnVsbA==",
          "dependencies": [
            "data.aws_iam_policy_document.app_role"
          ]
        }
      ]
    },
    {
      "mode": "managed",
      "type": "aws_iam_role_policy_attachment",
      "name": "this",
      "provider": "provider[\"registry.terraform.io/hashicorp/aws\"]",
      "instances": [
        {
          "schema_version": 0,
          "attributes": {
            "id": "cluster_app-20210108204518457100000001",
            "policy_arn": "arn:aws:iam::aws:policy/AdministratorAccess",
            "role": "cluster_app"
          },
          "sensitive_attributes": [],
          "private": "bnVsbA==",
          "dependencies": [
            "aws_iam_role.app",
            "data.aws_iam_policy_document.app_role"
          ]
        }
      ]
    },
    {
      "mode": "managed",
      "type": "aws_launch_configuration",
      "name": "app",
      "provider": "provider[\"registry.terraform.io/hashicorp/aws\"]",
      "instances": [
        {
          "schema_version": 0,
          "attributes": {
            "arn": "arn:aws:autoscaling:us-east-1:535245599045:launchConfiguration:03112b69-7b43-4a75-aff7-2a31ea3d2352:launchConfigurationName/cluster_app",
            "associate_public_ip_address": false,
            "ebs_block_device": [],
            "ebs_optimized": false,
            "enable_monitoring": true,
            "ephemeral_block_device": [],
            "iam_instance_profile": "cluster_app",
            "id": "cluster_app",
            "image_id": "ami-0f06fc190dd71269e",
            "instance_type": "t3.micro",
            "key_name": "",
            "metadata_options": [],
            "name": "cluster_app",
            "name_prefix": null,
            "placement_tenancy": null,
            "root_block_device": [],
            "security_groups": [
              "sg-0a7a4394d22b312d3"
            ],
            "spot_price": "",
            "user_data": "dfa4c5ca614d868bf4a810b1b755e4755543f288",
            "user_data_base64": null,
            "vpc_classic_link_id": "",
            "vpc_classic_link_security_groups": []
          },
          "sensitive_attributes": [],
          "private": "bnVsbA==",
          "dependencies": [
            "aws_iam_instance_profile.app",
            "aws_iam_role.app",
            "data.aws_ami.ecs",
            "data.aws_iam_policy_document.app_role",
            "module.vpc.aws_vpc.this"
          ]
        }
      ]
    },
    {
      "mode": "managed",
      "type": "aws_launch_configuration",
      "name": "monitor",
      "provider": "provider[\"registry.terraform.io/hashicorp/aws\"]",
      "instances": [
        {
          "schema_version": 0,
          "attributes": {
            "arn": "arn:aws:autoscaling:us-east-1:535245599045:launchConfiguration:ace45eb9-1279-4f9a-bdca-2a551edffb7f:launchConfigurationName/cluster_monitor",
            "associate_public_ip_address": false,
            "ebs_block_device": [],
            "ebs_optimized": false,
            "enable_monitoring": true,
            "ephemeral_block_device": [],
            "iam_instance_profile": "cluster_app",
            "id": "cluster_monitor",
            "image_id": "ami-0f06fc190dd71269e",
            "instance_type": "t3.micro",
            "key_name": "",
            "metadata_options": [],
            "name": "cluster_monitor",
            "name_prefix": null,
            "placement_tenancy": null,
            "root_block_device": [],
            "security_groups": [
              "sg-0a7a4394d22b312d3"
            ],
            "spot_price": "",
            "user_data": "3716b30a7e68d4b259885542f96055fc02cfb130",
            "user_data_base64": null,
            "vpc_classic_link_id": "",
            "vpc_classic_link_security_groups": []
          },
          "sensitive_attributes": [],
          "private": "bnVsbA==",
          "dependencies": [
            "aws_iam_instance_profile.app",
            "aws_iam_role.app",
            "data.aws_ami.ecs",
            "data.aws_iam_policy_document.app_role",
            "module.vpc.aws_vpc.this"
          ]
        }
      ]
    },
    {
      "mode": "managed",
      "type": "aws_lb",
      "name": "this",
      "provider": "provider[\"registry.terraform.io/hashicorp/aws\"]",
      "instances": [
        {
          "schema_version": 0,
          "attributes": {
            "access_logs": [
              {
                "bucket": "",
                "enabled": false,
                "prefix": ""
              }
            ],
            "arn": "arn:aws:elasticloadbalancing:us-east-1:535245599045:loadbalancer/app/cluster/aecce0572104a50d",
            "arn_suffix": "app/cluster/aecce0572104a50d",
            "customer_owned_ipv4_pool": "",
            "dns_name": "cluster-798640803.us-east-1.elb.amazonaws.com",
            "drop_invalid_header_fields": false,
            "enable_cross_zone_load_balancing": null,
            "enable_deletion_protection": false,
            "enable_http2": true,
            "id": "arn:aws:elasticloadbalancing:us-east-1:535245599045:loadbalancer/app/cluster/aecce0572104a50d",
            "idle_timeout": 60,
            "internal": false,
            "ip_address_type": "ipv4",
            "load_balancer_type": "application",
            "name": "cluster",
            "name_prefix": null,
            "security_groups": [
              "sg-0a7a4394d22b312d3"
            ],
            "subnet_mapping": [
              {
                "allocation_id": "",
                "outpost_id": "",
                "private_ipv4_address": "",
                "subnet_id": "subnet-0e3e54d39986a61e2"
              },
              {
                "allocation_id": "",
                "outpost_id": "",
                "private_ipv4_address": "",
                "subnet_id": "subnet-0ea08259330a1b049"
              }
            ],
            "subnets": [
              "subnet-0e3e54d39986a61e2",
              "subnet-0ea08259330a1b049"
            ],
            "tags": {
              "Environment": "PROD"
            },
            "timeouts": null,
            "vpc_id": "vpc-0df5e759b5b9a18ca",
            "zone_id": "Z35SXDOTRQ7X7K"
          },
          "sensitive_attributes": [],
          "private": "eyJlMmJmYjczMC1lY2FhLTExZTYtOGY4OC0zNDM2M2JjN2M0YzAiOnsiY3JlYXRlIjo2MDAwMDAwMDAwMDAsImRlbGV0ZSI6NjAwMDAwMDAwMDAwLCJ1cGRhdGUiOjYwMDAwMDAwMDAwMH19",
          "dependencies": [
            "module.vpc.aws_subnet.public",
            "module.vpc.aws_vpc.this",
            "module.vpc.aws_vpc_ipv4_cidr_block_association.this"
          ]
        }
      ]
    },
    {
      "mode": "managed",
      "type": "aws_lb_listener",
      "name": "app",
      "provider": "provider[\"registry.terraform.io/hashicorp/aws\"]",
      "instances": [
        {
          "schema_version": 0,
          "attributes": {
            "arn": "arn:aws:elasticloadbalancing:us-east-1:535245599045:listener/app/cluster/aecce0572104a50d/4e65cb9d5d369786",
            "certificate_arn": null,
            "default_action": [
              {
                "authenticate_cognito": [],
                "authenticate_oidc": [],
                "fixed_response": [],
                "forward": [],
                "order": 1,
                "redirect": [],
                "target_group_arn": "arn:aws:elasticloadbalancing:us-east-1:535245599045:targetgroup/cluster-app-lb-tg/5e536b881c4c13cf",
                "type": "forward"
              }
            ],
            "id": "arn:aws:elasticloadbalancing:us-east-1:535245599045:listener/app/cluster/aecce0572104a50d/4e65cb9d5d369786",
            "load_balancer_arn": "arn:aws:elasticloadbalancing:us-east-1:535245599045:loadbalancer/app/cluster/aecce0572104a50d",
            "port": 80,
            "protocol": "HTTP",
            "ssl_policy": "",
            "timeouts": null
          },
          "sensitive_attributes": [],
          "private": "eyJlMmJmYjczMC1lY2FhLTExZTYtOGY4OC0zNDM2M2JjN2M0YzAiOnsicmVhZCI6NjAwMDAwMDAwMDAwfX0=",
          "dependencies": [
            "aws_lb.this",
            "aws_lb_target_group.app",
            "module.vpc.aws_subnet.public",
            "module.vpc.aws_vpc.this",
            "module.vpc.aws_vpc_ipv4_cidr_block_association.this"
          ]
        }
      ]
    },
    {
      "mode": "managed",
      "type": "aws_lb_listener",
      "name": "monitor",
      "provider": "provider[\"registry.terraform.io/hashicorp/aws\"]",
      "instances": [
        {
          "schema_version": 0,
          "attributes": {
            "arn": "arn:aws:elasticloadbalancing:us-east-1:535245599045:listener/app/cluster/aecce0572104a50d/8b70637bccfacb3c",
            "certificate_arn": null,
            "default_action": [
              {
                "authenticate_cognito": [],
                "authenticate_oidc": [],
                "fixed_response": [],
                "forward": [],
                "order": 1,
                "redirect": [],
                "target_group_arn": "arn:aws:elasticloadbalancing:us-east-1:535245599045:targetgroup/cluster-lb-tg-monitor/571bebeed13f2d95",
                "type": "forward"
              }
            ],
            "id": "arn:aws:elasticloadbalancing:us-east-1:535245599045:listener/app/cluster/aecce0572104a50d/8b70637bccfacb3c",
            "load_balancer_arn": "arn:aws:elasticloadbalancing:us-east-1:535245599045:loadbalancer/app/cluster/aecce0572104a50d",
            "port": 81,
            "protocol": "HTTP",
            "ssl_policy": "",
            "timeouts": null
          },
          "sensitive_attributes": [],
          "private": "eyJlMmJmYjczMC1lY2FhLTExZTYtOGY4OC0zNDM2M2JjN2M0YzAiOnsicmVhZCI6NjAwMDAwMDAwMDAwfX0=",
          "dependencies": [
            "aws_lb.this",
            "aws_lb_target_group.monitor",
            "module.vpc.aws_subnet.public",
            "module.vpc.aws_vpc.this",
            "module.vpc.aws_vpc_ipv4_cidr_block_association.this"
          ]
        }
      ]
    },
    {
      "mode": "managed",
      "type": "aws_lb_target_group",
      "name": "app",
      "provider": "provider[\"registry.terraform.io/hashicorp/aws\"]",
      "instances": [
        {
          "schema_version": 0,
          "attributes": {
            "arn": "arn:aws:elasticloadbalancing:us-east-1:535245599045:targetgroup/cluster-app-lb-tg/5e536b881c4c13cf",
            "arn_suffix": "targetgroup/cluster-app-lb-tg/5e536b881c4c13cf",
            "deregistration_delay": 300,
            "health_check": [
              {
                "enabled": true,
                "healthy_threshold": 3,
                "interval": 30,
                "matcher": "200-299",
                "path": "/actuator/health",
                "port": "5000",
                "protocol": "HTTP",
                "timeout": 5,
                "unhealthy_threshold": 3
              }
            ],
            "id": "arn:aws:elasticloadbalancing:us-east-1:535245599045:targetgroup/cluster-app-lb-tg/5e536b881c4c13cf",
            "lambda_multi_value_headers_enabled": false,
            "load_balancing_algorithm_type": "round_robin",
            "name": "cluster-app-lb-tg",
            "name_prefix": null,
            "port": 80,
            "protocol": "HTTP",
            "proxy_protocol_v2": false,
            "slow_start": 0,
            "stickiness": [
              {
                "cookie_duration": 86400,
                "enabled": false,
                "type": "lb_cookie"
              }
            ],
            "tags": {},
            "target_type": "instance",
            "vpc_id": "vpc-0df5e759b5b9a18ca"
          },
          "sensitive_attributes": [],
          "private": "bnVsbA==",
          "dependencies": [
            "aws_lb.this",
            "module.vpc.aws_subnet.public",
            "module.vpc.aws_vpc.this",
            "module.vpc.aws_vpc_ipv4_cidr_block_association.this"
          ]
        }
      ]
    },
    {
      "mode": "managed",
      "type": "aws_lb_target_group",
      "name": "monitor",
      "provider": "provider[\"registry.terraform.io/hashicorp/aws\"]",
      "instances": [
        {
          "schema_version": 0,
          "attributes": {
            "arn": "arn:aws:elasticloadbalancing:us-east-1:535245599045:targetgroup/cluster-lb-tg-monitor/571bebeed13f2d95",
            "arn_suffix": "targetgroup/cluster-lb-tg-monitor/571bebeed13f2d95",
            "deregistration_delay": 300,
            "health_check": [
              {
                "enabled": true,
                "healthy_threshold": 3,
                "interval": 30,
                "matcher": "200-299",
                "path": "/-/healthy",
                "port": "9090",
                "protocol": "HTTP",
                "timeout": 5,
                "unhealthy_threshold": 3
              }
            ],
            "id": "arn:aws:elasticloadbalancing:us-east-1:535245599045:targetgroup/cluster-lb-tg-monitor/571bebeed13f2d95",
            "lambda_multi_value_headers_enabled": false,
            "load_balancing_algorithm_type": "round_robin",
            "name": "cluster-lb-tg-monitor",
            "name_prefix": null,
            "port": 9090,
            "protocol": "HTTP",
            "proxy_protocol_v2": false,
            "slow_start": 0,
            "stickiness": [
              {
                "cookie_duration": 86400,
                "enabled": false,
                "type": "lb_cookie"
              }
            ],
            "tags": {},
            "target_type": "instance",
            "vpc_id": "vpc-0df5e759b5b9a18ca"
          },
          "sensitive_attributes": [],
          "private": "bnVsbA==",
          "dependencies": [
            "module.vpc.aws_vpc.this"
          ]
        }
      ]
    },
    {
      "module": "module.vpc",
      "mode": "managed",
      "type": "aws_internet_gateway",
      "name": "this",
      "provider": "provider[\"registry.terraform.io/hashicorp/aws\"]",
      "instances": [
        {
          "index_key": 0,
          "schema_version": 0,
          "attributes": {
            "arn": "arn:aws:ec2:us-east-1:535245599045:internet-gateway/igw-056c629ef8b5d6254",
            "id": "igw-056c629ef8b5d6254",
            "owner_id": "535245599045",
            "tags": {
              "Environment": "Prod",
              "ManagedBy": "Terraform",
              "Name": "ragazzid"
            },
            "vpc_id": "vpc-0df5e759b5b9a18ca"
          },
          "sensitive_attributes": [],
          "private": "bnVsbA==",
          "dependencies": [
            "module.vpc.aws_vpc.this",
            "module.vpc.aws_vpc_ipv4_cidr_block_association.this"
          ]
        }
      ]
    },
    {
      "module": "module.vpc",
      "mode": "managed",
      "type": "aws_route",
      "name": "public_internet_gateway",
      "provider": "provider[\"registry.terraform.io/hashicorp/aws\"]",
      "instances": [
        {
          "index_key": 0,
          "schema_version": 0,
          "attributes": {
            "destination_cidr_block": "0.0.0.0/0",
            "destination_ipv6_cidr_block": "",
            "destination_prefix_list_id": "",
            "egress_only_gateway_id": "",
            "gateway_id": "igw-056c629ef8b5d6254",
            "id": "r-rtb-0dca388ad0e0699961080289494",
            "instance_id": "",
            "instance_owner_id": "",
            "local_gateway_id": "",
            "nat_gateway_id": "",
            "network_interface_id": "",
            "origin": "CreateRoute",
            "route_table_id": "rtb-0dca388ad0e069996",
            "state": "active",
            "timeouts": {
              "create": "5m",
              "delete": null
            },
            "transit_gateway_id": "",
            "vpc_endpoint_id": null,
            "vpc_peering_connection_id": ""
          },
          "sensitive_attributes": [],
          "private": "eyJlMmJmYjczMC1lY2FhLTExZTYtOGY4OC0zNDM2M2JjN2M0YzAiOnsiY3JlYXRlIjozMDAwMDAwMDAwMDAsImRlbGV0ZSI6MzAwMDAwMDAwMDAwfX0=",
          "dependencies": [
            "module.vpc.aws_internet_gateway.this",
            "module.vpc.aws_route_table.public",
            "module.vpc.aws_vpc.this",
            "module.vpc.aws_vpc_ipv4_cidr_block_association.this"
          ]
        }
      ]
    },
    {
      "module": "module.vpc",
      "mode": "managed",
      "type": "aws_route_table",
      "name": "private",
      "provider": "provider[\"registry.terraform.io/hashicorp/aws\"]",
      "instances": [
        {
          "index_key": 0,
          "schema_version": 0,
          "attributes": {
            "id": "rtb-0c18f25130b154da2",
            "owner_id": "535245599045",
            "propagating_vgws": [],
            "route": [],
            "tags": {
              "Environment": "Prod",
              "ManagedBy": "Terraform",
              "Name": "ragazzid-private-us-east-1a"
            },
            "vpc_id": "vpc-0df5e759b5b9a18ca"
          },
          "sensitive_attributes": [],
          "private": "bnVsbA==",
          "dependencies": [
            "module.vpc.aws_vpc.this",
            "module.vpc.aws_vpc_ipv4_cidr_block_association.this"
          ]
        },
        {
          "index_key": 1,
          "schema_version": 0,
          "attributes": {
            "id": "rtb-0800f57c8f844a942",
            "owner_id": "535245599045",
            "propagating_vgws": [],
            "route": [],
            "tags": {
              "Environment": "Prod",
              "ManagedBy": "Terraform",
              "Name": "ragazzid-private-us-east-1b"
            },
            "vpc_id": "vpc-0df5e759b5b9a18ca"
          },
          "sensitive_attributes": [],
          "private": "bnVsbA==",
          "dependencies": [
            "module.vpc.aws_vpc.this",
            "module.vpc.aws_vpc_ipv4_cidr_block_association.this"
          ]
        }
      ]
    },
    {
      "module": "module.vpc",
      "mode": "managed",
      "type": "aws_route_table",
      "name": "public",
      "provider": "provider[\"registry.terraform.io/hashicorp/aws\"]",
      "instances": [
        {
          "index_key": 0,
          "schema_version": 0,
          "attributes": {
            "id": "rtb-0dca388ad0e069996",
            "owner_id": "535245599045",
            "propagating_vgws": [],
            "route": [
              {
                "cidr_block": "0.0.0.0/0",
                "egress_only_gateway_id": "",
                "gateway_id": "igw-056c629ef8b5d6254",
                "instance_id": "",
                "ipv6_cidr_block": "",
                "local_gateway_id": "",
                "nat_gateway_id": "",
                "network_interface_id": "",
                "transit_gateway_id": "",
                "vpc_endpoint_id": "",
                "vpc_peering_connection_id": ""
              }
            ],
            "tags": {
              "Environment": "Prod",
              "ManagedBy": "Terraform",
              "Name": "ragazzid-public"
            },
            "vpc_id": "vpc-0df5e759b5b9a18ca"
          },
          "sensitive_attributes": [],
          "private": "bnVsbA==",
          "dependencies": [
            "module.vpc.aws_vpc.this",
            "module.vpc.aws_vpc_ipv4_cidr_block_association.this"
          ]
        }
      ]
    },
    {
      "module": "module.vpc",
      "mode": "managed",
      "type": "aws_route_table_association",
      "name": "private",
      "provider": "provider[\"registry.terraform.io/hashicorp/aws\"]",
      "instances": [
        {
          "index_key": 0,
          "schema_version": 0,
          "attributes": {
            "gateway_id": null,
            "id": "rtbassoc-0937ce09395e1a89b",
            "route_table_id": "rtb-0c18f25130b154da2",
            "subnet_id": "subnet-05e263f4b0b8b2f9e"
          },
          "sensitive_attributes": [],
          "private": "bnVsbA==",
          "dependencies": [
            "module.vpc.aws_route_table.private",
            "module.vpc.aws_subnet.private",
            "module.vpc.aws_vpc.this",
            "module.vpc.aws_vpc_ipv4_cidr_block_association.this"
          ]
        },
        {
          "index_key": 1,
          "schema_version": 0,
          "attributes": {
            "gateway_id": null,
            "id": "rtbassoc-0d064b0590e81736c",
            "route_table_id": "rtb-0800f57c8f844a942",
            "subnet_id": "subnet-0ab65746a83f36d2e"
          },
          "sensitive_attributes": [],
          "private": "bnVsbA==",
          "dependencies": [
            "module.vpc.aws_route_table.private",
            "module.vpc.aws_subnet.private",
            "module.vpc.aws_vpc.this",
            "module.vpc.aws_vpc_ipv4_cidr_block_association.this"
          ]
        }
      ]
    },
    {
      "module": "module.vpc",
      "mode": "managed",
      "type": "aws_route_table_association",
      "name": "public",
      "provider": "provider[\"registry.terraform.io/hashicorp/aws\"]",
      "instances": [
        {
          "index_key": 0,
          "schema_version": 0,
          "attributes": {
            "gateway_id": null,
            "id": "rtbassoc-0120425ef49a1bd8b",
            "route_table_id": "rtb-0dca388ad0e069996",
            "subnet_id": "subnet-0e3e54d39986a61e2"
          },
          "sensitive_attributes": [],
          "private": "bnVsbA==",
          "dependencies": [
            "module.vpc.aws_route_table.public",
            "module.vpc.aws_subnet.public",
            "module.vpc.aws_vpc.this",
            "module.vpc.aws_vpc_ipv4_cidr_block_association.this"
          ]
        },
        {
          "index_key": 1,
          "schema_version": 0,
          "attributes": {
            "gateway_id": null,
            "id": "rtbassoc-0a36922b990b6a3c1",
            "route_table_id": "rtb-0dca388ad0e069996",
            "subnet_id": "subnet-0ea08259330a1b049"
          },
          "sensitive_attributes": [],
          "private": "bnVsbA==",
          "dependencies": [
            "module.vpc.aws_route_table.public",
            "module.vpc.aws_subnet.public",
            "module.vpc.aws_vpc.this",
            "module.vpc.aws_vpc_ipv4_cidr_block_association.this"
          ]
        }
      ]
    },
    {
      "module": "module.vpc",
      "mode": "managed",
      "type": "aws_subnet",
      "name": "private",
      "provider": "provider[\"registry.terraform.io/hashicorp/aws\"]",
      "instances": [
        {
          "index_key": 0,
          "schema_version": 1,
          "attributes": {
            "arn": "arn:aws:ec2:us-east-1:535245599045:subnet/subnet-05e263f4b0b8b2f9e",
            "assign_ipv6_address_on_creation": false,
            "availability_zone": "us-east-1a",
            "availability_zone_id": "use1-az2",
            "cidr_block": "10.0.1.0/24",
            "id": "subnet-05e263f4b0b8b2f9e",
            "ipv6_cidr_block": "",
            "ipv6_cidr_block_association_id": "",
            "map_public_ip_on_launch": false,
            "outpost_arn": "",
            "owner_id": "535245599045",
            "tags": {
              "Environment": "Prod",
              "ManagedBy": "Terraform",
              "Name": "ragazzid-private-us-east-1a"
            },
            "timeouts": null,
            "vpc_id": "vpc-0df5e759b5b9a18ca"
          },
          "sensitive_attributes": [],
          "private": "eyJlMmJmYjczMC1lY2FhLTExZTYtOGY4OC0zNDM2M2JjN2M0YzAiOnsiY3JlYXRlIjo2MDAwMDAwMDAwMDAsImRlbGV0ZSI6MTIwMDAwMDAwMDAwMH0sInNjaGVtYV92ZXJzaW9uIjoiMSJ9",
          "dependencies": [
            "module.vpc.aws_vpc.this",
            "module.vpc.aws_vpc_ipv4_cidr_block_association.this"
          ]
        },
        {
          "index_key": 1,
          "schema_version": 1,
          "attributes": {
            "arn": "arn:aws:ec2:us-east-1:535245599045:subnet/subnet-0ab65746a83f36d2e",
            "assign_ipv6_address_on_creation": false,
            "availability_zone": "us-east-1b",
            "availability_zone_id": "use1-az4",
            "cidr_block": "10.0.2.0/24",
            "id": "subnet-0ab65746a83f36d2e",
            "ipv6_cidr_block": "",
            "ipv6_cidr_block_association_id": "",
            "map_public_ip_on_launch": false,
            "outpost_arn": "",
            "owner_id": "535245599045",
            "tags": {
              "Environment": "Prod",
              "ManagedBy": "Terraform",
              "Name": "ragazzid-private-us-east-1b"
            },
            "timeouts": null,
            "vpc_id": "vpc-0df5e759b5b9a18ca"
          },
          "sensitive_attributes": [],
          "private": "eyJlMmJmYjczMC1lY2FhLTExZTYtOGY4OC0zNDM2M2JjN2M0YzAiOnsiY3JlYXRlIjo2MDAwMDAwMDAwMDAsImRlbGV0ZSI6MTIwMDAwMDAwMDAwMH0sInNjaGVtYV92ZXJzaW9uIjoiMSJ9",
          "dependencies": [
            "module.vpc.aws_vpc.this",
            "module.vpc.aws_vpc_ipv4_cidr_block_association.this"
          ]
        }
      ]
    },
    {
      "module": "module.vpc",
      "mode": "managed",
      "type": "aws_subnet",
      "name": "public",
      "provider": "provider[\"registry.terraform.io/hashicorp/aws\"]",
      "instances": [
        {
          "index_key": 0,
          "schema_version": 1,
          "attributes": {
            "arn": "arn:aws:ec2:us-east-1:535245599045:subnet/subnet-0e3e54d39986a61e2",
            "assign_ipv6_address_on_creation": false,
            "availability_zone": "us-east-1a",
            "availability_zone_id": "use1-az2",
            "cidr_block": "10.0.101.0/24",
            "id": "subnet-0e3e54d39986a61e2",
            "ipv6_cidr_block": "",
            "ipv6_cidr_block_association_id": "",
            "map_public_ip_on_launch": true,
            "outpost_arn": "",
            "owner_id": "535245599045",
            "tags": {
              "Environment": "Prod",
              "ManagedBy": "Terraform",
              "Name": "ragazzid-public-us-east-1a"
            },
            "timeouts": null,
            "vpc_id": "vpc-0df5e759b5b9a18ca"
          },
          "sensitive_attributes": [],
          "private": "eyJlMmJmYjczMC1lY2FhLTExZTYtOGY4OC0zNDM2M2JjN2M0YzAiOnsiY3JlYXRlIjo2MDAwMDAwMDAwMDAsImRlbGV0ZSI6MTIwMDAwMDAwMDAwMH0sInNjaGVtYV92ZXJzaW9uIjoiMSJ9",
          "dependencies": [
            "module.vpc.aws_vpc.this",
            "module.vpc.aws_vpc_ipv4_cidr_block_association.this"
          ]
        },
        {
          "index_key": 1,
          "schema_version": 1,
          "attributes": {
            "arn": "arn:aws:ec2:us-east-1:535245599045:subnet/subnet-0ea08259330a1b049",
            "assign_ipv6_address_on_creation": false,
            "availability_zone": "us-east-1b",
            "availability_zone_id": "use1-az4",
            "cidr_block": "10.0.102.0/24",
            "id": "subnet-0ea08259330a1b049",
            "ipv6_cidr_block": "",
            "ipv6_cidr_block_association_id": "",
            "map_public_ip_on_launch": true,
            "outpost_arn": "",
            "owner_id": "535245599045",
            "tags": {
              "Environment": "Prod",
              "ManagedBy": "Terraform",
              "Name": "ragazzid-public-us-east-1b"
            },
            "timeouts": null,
            "vpc_id": "vpc-0df5e759b5b9a18ca"
          },
          "sensitive_attributes": [],
          "private": "eyJlMmJmYjczMC1lY2FhLTExZTYtOGY4OC0zNDM2M2JjN2M0YzAiOnsiY3JlYXRlIjo2MDAwMDAwMDAwMDAsImRlbGV0ZSI6MTIwMDAwMDAwMDAwMH0sInNjaGVtYV92ZXJzaW9uIjoiMSJ9",
          "dependencies": [
            "module.vpc.aws_vpc.this",
            "module.vpc.aws_vpc_ipv4_cidr_block_association.this"
          ]
        }
      ]
    },
    {
      "module": "module.vpc",
      "mode": "managed",
      "type": "aws_vpc",
      "name": "this",
      "provider": "provider[\"registry.terraform.io/hashicorp/aws\"]",
      "instances": [
        {
          "index_key": 0,
          "schema_version": 1,
          "attributes": {
            "arn": "arn:aws:ec2:us-east-1:535245599045:vpc/vpc-0df5e759b5b9a18ca",
            "assign_generated_ipv6_cidr_block": false,
            "cidr_block": "10.0.0.0/16",
            "default_network_acl_id": "acl-049f83aa9dbc5e312",
            "default_route_table_id": "rtb-00e0eaa70a3e95c59",
            "default_security_group_id": "sg-0a7a4394d22b312d3",
            "dhcp_options_id": "dopt-c1a6e1bb",
            "enable_classiclink": false,
            "enable_classiclink_dns_support": false,
            "enable_dns_hostnames": false,
            "enable_dns_support": true,
            "id": "vpc-0df5e759b5b9a18ca",
            "instance_tenancy": "default",
            "ipv6_association_id": "",
            "ipv6_cidr_block": "",
            "main_route_table_id": "rtb-00e0eaa70a3e95c59",
            "owner_id": "535245599045",
            "tags": {
              "Environment": "Prod",
              "ManagedBy": "Terraform",
              "Name": "ragazzid"
            }
          },
          "sensitive_attributes": [],
          "private": "eyJzY2hlbWFfdmVyc2lvbiI6IjEifQ=="
        }
      ]
    },
    {
      "module": "module.vpc",
      "mode": "managed",
      "type": "aws_vpn_gateway",
      "name": "this",
      "provider": "provider[\"registry.terraform.io/hashicorp/aws\"]",
      "instances": [
        {
          "index_key": 0,
          "schema_version": 0,
          "attributes": {
            "amazon_side_asn": "64512",
            "arn": "arn:aws:ec2:us-east-1:535245599045:vpn-gateway/vgw-00f3a103d0a0806ac",
            "availability_zone": null,
            "id": "vgw-00f3a103d0a0806ac",
            "tags": {
              "Environment": "Prod",
              "ManagedBy": "Terraform",
              "Name": "ragazzid"
            },
            "vpc_id": "vpc-0df5e759b5b9a18ca"
          },
          "sensitive_attributes": [],
          "private": "bnVsbA==",
          "dependencies": [
            "module.vpc.aws_vpc.this",
            "module.vpc.aws_vpc_ipv4_cidr_block_association.this"
          ]
        }
      ]
    }
  ]
}
